
Microsoft Visual Studio Solution File, Format Version 12.00
# Visual Studio Version 17
VisualStudioVersion = 17.13.35828.75 d17.13
MinimumVisualStudioVersion = 10.0.40219.1
Project("{FAE04EC0-301F-11D3-BF4B-00C04F79EFBC}") = "FormatConverter", "FormatConverter.csproj", "{B6B6D792-DFDC-4A97-8198-3A6CE19E5727}"
EndProject
Global
	GlobalSection(SolutionConfigurationPlatforms) = preSolution
		Debug|Any CPU = Debug|Any CPU
		Release|Any CPU = Release|Any CPU
	EndGlobalSection
	GlobalSection(ProjectConfigurationPlatforms) = postSolution
		{B6B6D792-DFDC-4A97-8198-3A6CE19E5727}.Debug|Any CPU.ActiveCfg = Debug|Any CPU
		{B6B6D792-DFDC-4A97-8198-3A6CE19E5727}.Debug|Any CPU.Build.0 = Debug|Any CPU
		{B6B6D792-DFDC-4A97-8198-3A6CE19E5727}.Release|Any CPU.ActiveCfg = Release|Any CPU
		{B6B6D792-DFDC-4A97-8198-3A6CE19E5727}.Release|Any CPU.Build.0 = Release|Any CPU
	EndGlobalSection
	GlobalSection(SolutionProperties) = preSolution
		HideSolutionNode = FALSE
	EndGlobalSection
	GlobalSection(ExtensibilityGlobals) = postSolution
		SolutionGuid = {3A15B9D2-A5BE-4E4C-AF16-1F13E751DA73}
	EndGlobalSection
EndGlobal
